
Microsoft Visual Studio Solution File, Format Version 12.00
# Visual Studio Version 16
VisualStudioVersion = 16.0.28803.202
MinimumVisualStudioVersion = 10.0.40219.1
Project("{9A19103F-16F7-4668-BE54-9A1E7A4F7556}") = "TCGCardsTests", "TCGCardsTests\TCGCardsTests.csproj", "{6B56C4CE-CF93-40C8-BEDE-6C035EE531B5}"
EndProject
Project("{9A19103F-16F7-4668-BE54-9A1E7A4F7556}") = "CardCreator", "CardCreator\CardCreator.csproj", "{07741055-EA59-4432-BDE8-42A4B63F9177}"
EndProject
Project("{9A19103F-16F7-4668-BE54-9A1E7A4F7556}") = "CardCreatorTests", "CardCreatorTests\CardCreatorTests.csproj", "{9F23DFCE-166C-4393-B81D-064C972DCE94}"
EndProject
Project("{9A19103F-16F7-4668-BE54-9A1E7A4F7556}") = "NetworkingCore", "NetworkingCore\NetworkingCore.csproj", "{3F993665-D003-4468-86FA-C59F6A7F1A6B}"
EndProject
Project("{9A19103F-16F7-4668-BE54-9A1E7A4F7556}") = "TCGCards", "TCGCards\TCGCards.csproj", "{8A826D6B-B9F7-42E4-9B01-F4909884E8FF}"
EndProject
Project("{9A19103F-16F7-4668-BE54-9A1E7A4F7556}") = "ImageDownloader", "ImageDownloader\ImageDownloader.csproj", "{3891AE0C-1A45-471F-9414-F02F6A7C5966}"
EndProject
Project("{9A19103F-16F7-4668-BE54-9A1E7A4F7556}") = "Server", "Server\Server.csproj", "{E1E168EF-5ABC-4CD6-9FAB-46F144325740}"
	ProjectSection(ProjectDependencies) = postProject
		{3891AE0C-1A45-471F-9414-F02F6A7C5966} = {3891AE0C-1A45-471F-9414-F02F6A7C5966}
		{07741055-EA59-4432-BDE8-42A4B63F9177} = {07741055-EA59-4432-BDE8-42A4B63F9177}
		{3F993665-D003-4468-86FA-C59F6A7F1A6B} = {3F993665-D003-4468-86FA-C59F6A7F1A6B}
		{8A826D6B-B9F7-42E4-9B01-F4909884E8FF} = {8A826D6B-B9F7-42E4-9B01-F4909884E8FF}
		{9F23DFCE-166C-4393-B81D-064C972DCE94} = {9F23DFCE-166C-4393-B81D-064C972DCE94}
	EndProjectSection
EndProject
Project("{9A19103F-16F7-4668-BE54-9A1E7A4F7556}") = "TestClient", "TestClient\TestClient.csproj", "{DE525FDA-BF3D-49A1-9DA6-2171D12DDFC1}"
EndProject
Project("{9A19103F-16F7-4668-BE54-9A1E7A4F7556}") = "ProxyGenerator", "ProxyGenerator\ProxyGenerator.csproj", "{D3D273B9-1D2D-4BA4-84EF-6664FE216D3E}"
EndProject
Project("{9A19103F-16F7-4668-BE54-9A1E7A4F7556}") = "ServerProxy", "ServerProxy\ServerProxy.csproj", "{5E994A8D-087B-4005-8742-5D7D5DA83A37}"
EndProject
Project("{9A19103F-16F7-4668-BE54-9A1E7A4F7556}") = "Entities", "Entities\Entities.csproj", "{44CD12B7-4826-4793-A4FE-8153391D7189}"
EndProject
Project("{2150E333-8FDC-42A3-9474-1A3956D46DE8}") = "CardSets", "CardSets", "{BF245701-4580-41EE-8CA9-7EB37BA35CBD}"
EndProject
Project("{2150E333-8FDC-42A3-9474-1A3956D46DE8}") = "Tests", "Tests", "{75F0A862-F6FC-4405-B982-54798ADFB49C}"
EndProject
Project("{9A19103F-16F7-4668-BE54-9A1E7A4F7556}") = "Launcher", "Launcher\Launcher.csproj", "{93986F40-9E74-4CFD-86C4-F4CCAD0AC589}"
EndProject
Project("{FAE04EC0-301F-11D3-BF4B-00C04F79EFBC}") = "CardEditor", "CardEditor\CardEditor.csproj", "{4FB98C9E-FA2D-4BEB-8B9E-62A1A80B0C4A}"
EndProject
Global
	GlobalSection(SolutionConfigurationPlatforms) = preSolution
		Debug|Any CPU = Debug|Any CPU
		Debug|x86 = Debug|x86
		Release|Any CPU = Release|Any CPU
		Release|x86 = Release|x86
	EndGlobalSection
	GlobalSection(ProjectConfigurationPlatforms) = postSolution
		{6B56C4CE-CF93-40C8-BEDE-6C035EE531B5}.Debug|Any CPU.ActiveCfg = Debug|Any CPU
		{6B56C4CE-CF93-40C8-BEDE-6C035EE531B5}.Debug|Any CPU.Build.0 = Debug|Any CPU
		{6B56C4CE-CF93-40C8-BEDE-6C035EE531B5}.Debug|x86.ActiveCfg = Debug|Any CPU
		{6B56C4CE-CF93-40C8-BEDE-6C035EE531B5}.Debug|x86.Build.0 = Debug|Any CPU
		{6B56C4CE-CF93-40C8-BEDE-6C035EE531B5}.Release|Any CPU.ActiveCfg = Release|Any CPU
		{6B56C4CE-CF93-40C8-BEDE-6C035EE531B5}.Release|Any CPU.Build.0 = Release|Any CPU
		{6B56C4CE-CF93-40C8-BEDE-6C035EE531B5}.Release|x86.ActiveCfg = Release|Any CPU
		{6B56C4CE-CF93-40C8-BEDE-6C035EE531B5}.Release|x86.Build.0 = Release|Any CPU
		{07741055-EA59-4432-BDE8-42A4B63F9177}.Debug|Any CPU.ActiveCfg = Debug|Any CPU
		{07741055-EA59-4432-BDE8-42A4B63F9177}.Debug|Any CPU.Build.0 = Debug|Any CPU
		{07741055-EA59-4432-BDE8-42A4B63F9177}.Debug|x86.ActiveCfg = Debug|Any CPU
		{07741055-EA59-4432-BDE8-42A4B63F9177}.Debug|x86.Build.0 = Debug|Any CPU
		{07741055-EA59-4432-BDE8-42A4B63F9177}.Release|Any CPU.ActiveCfg = Release|Any CPU
		{07741055-EA59-4432-BDE8-42A4B63F9177}.Release|Any CPU.Build.0 = Release|Any CPU
		{07741055-EA59-4432-BDE8-42A4B63F9177}.Release|x86.ActiveCfg = Release|Any CPU
		{07741055-EA59-4432-BDE8-42A4B63F9177}.Release|x86.Build.0 = Release|Any CPU
		{9F23DFCE-166C-4393-B81D-064C972DCE94}.Debug|Any CPU.ActiveCfg = Debug|Any CPU
		{9F23DFCE-166C-4393-B81D-064C972DCE94}.Debug|Any CPU.Build.0 = Debug|Any CPU
		{9F23DFCE-166C-4393-B81D-064C972DCE94}.Debug|x86.ActiveCfg = Debug|Any CPU
		{9F23DFCE-166C-4393-B81D-064C972DCE94}.Debug|x86.Build.0 = Debug|Any CPU
		{9F23DFCE-166C-4393-B81D-064C972DCE94}.Release|Any CPU.ActiveCfg = Release|Any CPU
		{9F23DFCE-166C-4393-B81D-064C972DCE94}.Release|Any CPU.Build.0 = Release|Any CPU
		{9F23DFCE-166C-4393-B81D-064C972DCE94}.Release|x86.ActiveCfg = Release|Any CPU
		{9F23DFCE-166C-4393-B81D-064C972DCE94}.Release|x86.Build.0 = Release|Any CPU
		{3F993665-D003-4468-86FA-C59F6A7F1A6B}.Debug|Any CPU.ActiveCfg = Debug|Any CPU
		{3F993665-D003-4468-86FA-C59F6A7F1A6B}.Debug|Any CPU.Build.0 = Debug|Any CPU
		{3F993665-D003-4468-86FA-C59F6A7F1A6B}.Debug|x86.ActiveCfg = Debug|Any CPU
		{3F993665-D003-4468-86FA-C59F6A7F1A6B}.Debug|x86.Build.0 = Debug|Any CPU
		{3F993665-D003-4468-86FA-C59F6A7F1A6B}.Release|Any CPU.ActiveCfg = Release|Any CPU
		{3F993665-D003-4468-86FA-C59F6A7F1A6B}.Release|Any CPU.Build.0 = Release|Any CPU
		{3F993665-D003-4468-86FA-C59F6A7F1A6B}.Release|x86.ActiveCfg = Release|Any CPU
		{3F993665-D003-4468-86FA-C59F6A7F1A6B}.Release|x86.Build.0 = Release|Any CPU
		{8A826D6B-B9F7-42E4-9B01-F4909884E8FF}.Debug|Any CPU.ActiveCfg = Debug|Any CPU
		{8A826D6B-B9F7-42E4-9B01-F4909884E8FF}.Debug|Any CPU.Build.0 = Debug|Any CPU
		{8A826D6B-B9F7-42E4-9B01-F4909884E8FF}.Debug|x86.ActiveCfg = Debug|Any CPU
		{8A826D6B-B9F7-42E4-9B01-F4909884E8FF}.Debug|x86.Build.0 = Debug|Any CPU
		{8A826D6B-B9F7-42E4-9B01-F4909884E8FF}.Release|Any CPU.ActiveCfg = Release|Any CPU
		{8A826D6B-B9F7-42E4-9B01-F4909884E8FF}.Release|Any CPU.Build.0 = Release|Any CPU
		{8A826D6B-B9F7-42E4-9B01-F4909884E8FF}.Release|x86.ActiveCfg = Release|Any CPU
		{8A826D6B-B9F7-42E4-9B01-F4909884E8FF}.Release|x86.Build.0 = Release|Any CPU
		{3891AE0C-1A45-471F-9414-F02F6A7C5966}.Debug|Any CPU.ActiveCfg = Debug|Any CPU
		{3891AE0C-1A45-471F-9414-F02F6A7C5966}.Debug|Any CPU.Build.0 = Debug|Any CPU
		{3891AE0C-1A45-471F-9414-F02F6A7C5966}.Debug|x86.ActiveCfg = Debug|Any CPU
		{3891AE0C-1A45-471F-9414-F02F6A7C5966}.Debug|x86.Build.0 = Debug|Any CPU
		{3891AE0C-1A45-471F-9414-F02F6A7C5966}.Release|Any CPU.ActiveCfg = Release|Any CPU
		{3891AE0C-1A45-471F-9414-F02F6A7C5966}.Release|Any CPU.Build.0 = Release|Any CPU
		{3891AE0C-1A45-471F-9414-F02F6A7C5966}.Release|x86.ActiveCfg = Release|Any CPU
		{3891AE0C-1A45-471F-9414-F02F6A7C5966}.Release|x86.Build.0 = Release|Any CPU
		{E1E168EF-5ABC-4CD6-9FAB-46F144325740}.Debug|Any CPU.ActiveCfg = Debug|Any CPU
		{E1E168EF-5ABC-4CD6-9FAB-46F144325740}.Debug|Any CPU.Build.0 = Debug|Any CPU
		{E1E168EF-5ABC-4CD6-9FAB-46F144325740}.Debug|x86.ActiveCfg = Debug|Any CPU
		{E1E168EF-5ABC-4CD6-9FAB-46F144325740}.Debug|x86.Build.0 = Debug|Any CPU
		{E1E168EF-5ABC-4CD6-9FAB-46F144325740}.Release|Any CPU.ActiveCfg = Release|Any CPU
		{E1E168EF-5ABC-4CD6-9FAB-46F144325740}.Release|Any CPU.Build.0 = Release|Any CPU
		{E1E168EF-5ABC-4CD6-9FAB-46F144325740}.Release|x86.ActiveCfg = Release|Any CPU
		{E1E168EF-5ABC-4CD6-9FAB-46F144325740}.Release|x86.Build.0 = Release|Any CPU
		{DE525FDA-BF3D-49A1-9DA6-2171D12DDFC1}.Debug|Any CPU.ActiveCfg = Debug|Any CPU
		{DE525FDA-BF3D-49A1-9DA6-2171D12DDFC1}.Debug|Any CPU.Build.0 = Debug|Any CPU
		{DE525FDA-BF3D-49A1-9DA6-2171D12DDFC1}.Debug|x86.ActiveCfg = Debug|Any CPU
		{DE525FDA-BF3D-49A1-9DA6-2171D12DDFC1}.Debug|x86.Build.0 = Debug|Any CPU
		{DE525FDA-BF3D-49A1-9DA6-2171D12DDFC1}.Release|Any CPU.ActiveCfg = Release|Any CPU
		{DE525FDA-BF3D-49A1-9DA6-2171D12DDFC1}.Release|Any CPU.Build.0 = Release|Any CPU
		{DE525FDA-BF3D-49A1-9DA6-2171D12DDFC1}.Release|x86.ActiveCfg = Release|Any CPU
		{DE525FDA-BF3D-49A1-9DA6-2171D12DDFC1}.Release|x86.Build.0 = Release|Any CPU
		{D3D273B9-1D2D-4BA4-84EF-6664FE216D3E}.Debug|Any CPU.ActiveCfg = Debug|Any CPU
		{D3D273B9-1D2D-4BA4-84EF-6664FE216D3E}.Debug|Any CPU.Build.0 = Debug|Any CPU
		{D3D273B9-1D2D-4BA4-84EF-6664FE216D3E}.Debug|x86.ActiveCfg = Debug|Any CPU
		{D3D273B9-1D2D-4BA4-84EF-6664FE216D3E}.Debug|x86.Build.0 = Debug|Any CPU
		{D3D273B9-1D2D-4BA4-84EF-6664FE216D3E}.Release|Any CPU.ActiveCfg = Release|Any CPU
		{D3D273B9-1D2D-4BA4-84EF-6664FE216D3E}.Release|Any CPU.Build.0 = Release|Any CPU
		{D3D273B9-1D2D-4BA4-84EF-6664FE216D3E}.Release|x86.ActiveCfg = Release|Any CPU
		{D3D273B9-1D2D-4BA4-84EF-6664FE216D3E}.Release|x86.Build.0 = Release|Any CPU
		{5E994A8D-087B-4005-8742-5D7D5DA83A37}.Debug|Any CPU.ActiveCfg = Debug|Any CPU
		{5E994A8D-087B-4005-8742-5D7D5DA83A37}.Debug|Any CPU.Build.0 = Debug|Any CPU
		{5E994A8D-087B-4005-8742-5D7D5DA83A37}.Debug|x86.ActiveCfg = Debug|Any CPU
		{5E994A8D-087B-4005-8742-5D7D5DA83A37}.Debug|x86.Build.0 = Debug|Any CPU
		{5E994A8D-087B-4005-8742-5D7D5DA83A37}.Release|Any CPU.ActiveCfg = Release|Any CPU
		{5E994A8D-087B-4005-8742-5D7D5DA83A37}.Release|Any CPU.Build.0 = Release|Any CPU
		{5E994A8D-087B-4005-8742-5D7D5DA83A37}.Release|x86.ActiveCfg = Release|Any CPU
		{5E994A8D-087B-4005-8742-5D7D5DA83A37}.Release|x86.Build.0 = Release|Any CPU
		{44CD12B7-4826-4793-A4FE-8153391D7189}.Debug|Any CPU.ActiveCfg = Debug|Any CPU
		{44CD12B7-4826-4793-A4FE-8153391D7189}.Debug|Any CPU.Build.0 = Debug|Any CPU
		{44CD12B7-4826-4793-A4FE-8153391D7189}.Debug|x86.ActiveCfg = Debug|Any CPU
		{44CD12B7-4826-4793-A4FE-8153391D7189}.Debug|x86.Build.0 = Debug|Any CPU
		{44CD12B7-4826-4793-A4FE-8153391D7189}.Release|Any CPU.ActiveCfg = Release|Any CPU
		{44CD12B7-4826-4793-A4FE-8153391D7189}.Release|Any CPU.Build.0 = Release|Any CPU
		{44CD12B7-4826-4793-A4FE-8153391D7189}.Release|x86.ActiveCfg = Release|Any CPU
		{44CD12B7-4826-4793-A4FE-8153391D7189}.Release|x86.Build.0 = Release|Any CPU
		{93986F40-9E74-4CFD-86C4-F4CCAD0AC589}.Debug|Any CPU.ActiveCfg = Debug|Any CPU
		{93986F40-9E74-4CFD-86C4-F4CCAD0AC589}.Debug|Any CPU.Build.0 = Debug|Any CPU
		{93986F40-9E74-4CFD-86C4-F4CCAD0AC589}.Debug|x86.ActiveCfg = Debug|Any CPU
		{93986F40-9E74-4CFD-86C4-F4CCAD0AC589}.Debug|x86.Build.0 = Debug|Any CPU
		{93986F40-9E74-4CFD-86C4-F4CCAD0AC589}.Release|Any CPU.ActiveCfg = Release|Any CPU
		{93986F40-9E74-4CFD-86C4-F4CCAD0AC589}.Release|Any CPU.Build.0 = Release|Any CPU
		{93986F40-9E74-4CFD-86C4-F4CCAD0AC589}.Release|x86.ActiveCfg = Release|Any CPU
		{93986F40-9E74-4CFD-86C4-F4CCAD0AC589}.Release|x86.Build.0 = Release|Any CPU
		{4FB98C9E-FA2D-4BEB-8B9E-62A1A80B0C4A}.Debug|Any CPU.ActiveCfg = Debug|Any CPU
		{4FB98C9E-FA2D-4BEB-8B9E-62A1A80B0C4A}.Debug|Any CPU.Build.0 = Debug|Any CPU
		{4FB98C9E-FA2D-4BEB-8B9E-62A1A80B0C4A}.Debug|x86.ActiveCfg = Debug|Any CPU
		{4FB98C9E-FA2D-4BEB-8B9E-62A1A80B0C4A}.Debug|x86.Build.0 = Debug|Any CPU
		{4FB98C9E-FA2D-4BEB-8B9E-62A1A80B0C4A}.Release|Any CPU.ActiveCfg = Release|Any CPU
		{4FB98C9E-FA2D-4BEB-8B9E-62A1A80B0C4A}.Release|Any CPU.Build.0 = Release|Any CPU
		{4FB98C9E-FA2D-4BEB-8B9E-62A1A80B0C4A}.Release|x86.ActiveCfg = Release|Any CPU
		{4FB98C9E-FA2D-4BEB-8B9E-62A1A80B0C4A}.Release|x86.Build.0 = Release|Any CPU
	EndGlobalSection
	GlobalSection(SolutionProperties) = preSolution
		HideSolutionNode = FALSE
	EndGlobalSection
	GlobalSection(NestedProjects) = preSolution
		{6B56C4CE-CF93-40C8-BEDE-6C035EE531B5} = {75F0A862-F6FC-4405-B982-54798ADFB49C}
		{9F23DFCE-166C-4393-B81D-064C972DCE94} = {75F0A862-F6FC-4405-B982-54798ADFB49C}
	EndGlobalSection
	GlobalSection(ExtensibilityGlobals) = postSolution
		SolutionGuid = {26ED972C-D698-468F-A5FB-3F84AD2D3A25}
	EndGlobalSection
EndGlobal
