
Microsoft Visual Studio Solution File, Format Version 12.00
# Visual Studio 15
VisualStudioVersion = 15.0.27130.2024
MinimumVisualStudioVersion = 10.0.40219.1
Project("{FAE04EC0-301F-11D3-BF4B-00C04F79EFBC}") = "TCGCardsTests", "TCGCardsTests\TCGCardsTests.csproj", "{6B56C4CE-CF93-40C8-BEDE-6C035EE531B5}"
EndProject
Project("{FAE04EC0-301F-11D3-BF4B-00C04F79EFBC}") = "CardCreator", "CardCreator\CardCreator.csproj", "{07741055-EA59-4432-BDE8-42A4B63F9177}"
EndProject
Project("{FAE04EC0-301F-11D3-BF4B-00C04F79EFBC}") = "CardCreatorTests", "CardCreatorTests\CardCreatorTests.csproj", "{9F23DFCE-166C-4393-B81D-064C972DCE94}"
EndProject
Project("{9A19103F-16F7-4668-BE54-9A1E7A4F7556}") = "NetworkingCore", "NetworkingCore\NetworkingCore.csproj", "{3F993665-D003-4468-86FA-C59F6A7F1A6B}"
EndProject
Project("{9A19103F-16F7-4668-BE54-9A1E7A4F7556}") = "NetworkingServer", "NetworkingServer\NetworkingServer.csproj", "{7B363E89-5725-4DA7-B4AD-6BE74EC02102}"
EndProject
Project("{9A19103F-16F7-4668-BE54-9A1E7A4F7556}") = "NetworkingClient", "NetworkingClient\NetworkingClient.csproj", "{945526A5-1890-4715-9265-3B8F9E7D355C}"
EndProject
Project("{9A19103F-16F7-4668-BE54-9A1E7A4F7556}") = "TCGCards", "TCGCards\TCGCards.csproj", "{8A826D6B-B9F7-42E4-9B01-F4909884E8FF}"
EndProject
Project("{9A19103F-16F7-4668-BE54-9A1E7A4F7556}") = "TeamRocket", "TeamRocket\TeamRocket.csproj", "{3F25F024-015E-40A7-B5ED-4EFBD88E9DCD}"
EndProject
Project("{9A19103F-16F7-4668-BE54-9A1E7A4F7556}") = "ImageDownloader", "ImageDownloader\ImageDownloader.csproj", "{3891AE0C-1A45-471F-9414-F02F6A7C5966}"
EndProject
Project("{9A19103F-16F7-4668-BE54-9A1E7A4F7556}") = "Server", "Server\Server.csproj", "{E1E168EF-5ABC-4CD6-9FAB-46F144325740}"
EndProject
Project("{9A19103F-16F7-4668-BE54-9A1E7A4F7556}") = "TestClient", "TestClient\TestClient.csproj", "{DE525FDA-BF3D-49A1-9DA6-2171D12DDFC1}"
EndProject
Project("{9A19103F-16F7-4668-BE54-9A1E7A4F7556}") = "ServerTests", "ServerTests\ServerTests.csproj", "{AAD9FC51-CB1D-48B3-A6BD-0A19F1F1F692}"
EndProject
Project("{9A19103F-16F7-4668-BE54-9A1E7A4F7556}") = "ProxyGenerator", "ProxyGenerator\ProxyGenerator.csproj", "{D3D273B9-1D2D-4BA4-84EF-6664FE216D3E}"
EndProject
Project("{FAE04EC0-301F-11D3-BF4B-00C04F79EFBC}") = "ServerProxy", "ServerProxy\ServerProxy.csproj", "{5E994A8D-087B-4005-8742-5D7D5DA83A37}"
EndProject
Global
	GlobalSection(SolutionConfigurationPlatforms) = preSolution
		Debug|Any CPU = Debug|Any CPU
		Debug|x86 = Debug|x86
		Release|Any CPU = Release|Any CPU
		Release|x86 = Release|x86
	EndGlobalSection
	GlobalSection(ProjectConfigurationPlatforms) = postSolution
		{6B56C4CE-CF93-40C8-BEDE-6C035EE531B5}.Debug|Any CPU.ActiveCfg = Debug|Any CPU
		{6B56C4CE-CF93-40C8-BEDE-6C035EE531B5}.Debug|Any CPU.Build.0 = Debug|Any CPU
		{6B56C4CE-CF93-40C8-BEDE-6C035EE531B5}.Debug|x86.ActiveCfg = Debug|Any CPU
		{6B56C4CE-CF93-40C8-BEDE-6C035EE531B5}.Debug|x86.Build.0 = Debug|Any CPU
		{6B56C4CE-CF93-40C8-BEDE-6C035EE531B5}.Release|Any CPU.ActiveCfg = Release|Any CPU
		{6B56C4CE-CF93-40C8-BEDE-6C035EE531B5}.Release|Any CPU.Build.0 = Release|Any CPU
		{6B56C4CE-CF93-40C8-BEDE-6C035EE531B5}.Release|x86.ActiveCfg = Release|Any CPU
		{6B56C4CE-CF93-40C8-BEDE-6C035EE531B5}.Release|x86.Build.0 = Release|Any CPU
		{07741055-EA59-4432-BDE8-42A4B63F9177}.Debug|Any CPU.ActiveCfg = Debug|Any CPU
		{07741055-EA59-4432-BDE8-42A4B63F9177}.Debug|Any CPU.Build.0 = Debug|Any CPU
		{07741055-EA59-4432-BDE8-42A4B63F9177}.Debug|x86.ActiveCfg = Debug|Any CPU
		{07741055-EA59-4432-BDE8-42A4B63F9177}.Debug|x86.Build.0 = Debug|Any CPU
		{07741055-EA59-4432-BDE8-42A4B63F9177}.Release|Any CPU.ActiveCfg = Release|Any CPU
		{07741055-EA59-4432-BDE8-42A4B63F9177}.Release|Any CPU.Build.0 = Release|Any CPU
		{07741055-EA59-4432-BDE8-42A4B63F9177}.Release|x86.ActiveCfg = Release|Any CPU
		{07741055-EA59-4432-BDE8-42A4B63F9177}.Release|x86.Build.0 = Release|Any CPU
		{9F23DFCE-166C-4393-B81D-064C972DCE94}.Debug|Any CPU.ActiveCfg = Debug|Any CPU
		{9F23DFCE-166C-4393-B81D-064C972DCE94}.Debug|Any CPU.Build.0 = Debug|Any CPU
		{9F23DFCE-166C-4393-B81D-064C972DCE94}.Debug|x86.ActiveCfg = Debug|Any CPU
		{9F23DFCE-166C-4393-B81D-064C972DCE94}.Debug|x86.Build.0 = Debug|Any CPU
		{9F23DFCE-166C-4393-B81D-064C972DCE94}.Release|Any CPU.ActiveCfg = Release|Any CPU
		{9F23DFCE-166C-4393-B81D-064C972DCE94}.Release|Any CPU.Build.0 = Release|Any CPU
		{9F23DFCE-166C-4393-B81D-064C972DCE94}.Release|x86.ActiveCfg = Release|Any CPU
		{9F23DFCE-166C-4393-B81D-064C972DCE94}.Release|x86.Build.0 = Release|Any CPU
		{3F993665-D003-4468-86FA-C59F6A7F1A6B}.Debug|Any CPU.ActiveCfg = Debug|Any CPU
		{3F993665-D003-4468-86FA-C59F6A7F1A6B}.Debug|Any CPU.Build.0 = Debug|Any CPU
		{3F993665-D003-4468-86FA-C59F6A7F1A6B}.Debug|x86.ActiveCfg = Debug|Any CPU
		{3F993665-D003-4468-86FA-C59F6A7F1A6B}.Debug|x86.Build.0 = Debug|Any CPU
		{3F993665-D003-4468-86FA-C59F6A7F1A6B}.Release|Any CPU.ActiveCfg = Release|Any CPU
		{3F993665-D003-4468-86FA-C59F6A7F1A6B}.Release|Any CPU.Build.0 = Release|Any CPU
		{3F993665-D003-4468-86FA-C59F6A7F1A6B}.Release|x86.ActiveCfg = Release|Any CPU
		{3F993665-D003-4468-86FA-C59F6A7F1A6B}.Release|x86.Build.0 = Release|Any CPU
		{7B363E89-5725-4DA7-B4AD-6BE74EC02102}.Debug|Any CPU.ActiveCfg = Debug|Any CPU
		{7B363E89-5725-4DA7-B4AD-6BE74EC02102}.Debug|Any CPU.Build.0 = Debug|Any CPU
		{7B363E89-5725-4DA7-B4AD-6BE74EC02102}.Debug|x86.ActiveCfg = Debug|Any CPU
		{7B363E89-5725-4DA7-B4AD-6BE74EC02102}.Debug|x86.Build.0 = Debug|Any CPU
		{7B363E89-5725-4DA7-B4AD-6BE74EC02102}.Release|Any CPU.ActiveCfg = Release|Any CPU
		{7B363E89-5725-4DA7-B4AD-6BE74EC02102}.Release|Any CPU.Build.0 = Release|Any CPU
		{7B363E89-5725-4DA7-B4AD-6BE74EC02102}.Release|x86.ActiveCfg = Release|Any CPU
		{7B363E89-5725-4DA7-B4AD-6BE74EC02102}.Release|x86.Build.0 = Release|Any CPU
		{945526A5-1890-4715-9265-3B8F9E7D355C}.Debug|Any CPU.ActiveCfg = Debug|Any CPU
		{945526A5-1890-4715-9265-3B8F9E7D355C}.Debug|Any CPU.Build.0 = Debug|Any CPU
		{945526A5-1890-4715-9265-3B8F9E7D355C}.Debug|x86.ActiveCfg = Debug|Any CPU
		{945526A5-1890-4715-9265-3B8F9E7D355C}.Debug|x86.Build.0 = Debug|Any CPU
		{945526A5-1890-4715-9265-3B8F9E7D355C}.Release|Any CPU.ActiveCfg = Release|Any CPU
		{945526A5-1890-4715-9265-3B8F9E7D355C}.Release|Any CPU.Build.0 = Release|Any CPU
		{945526A5-1890-4715-9265-3B8F9E7D355C}.Release|x86.ActiveCfg = Release|Any CPU
		{945526A5-1890-4715-9265-3B8F9E7D355C}.Release|x86.Build.0 = Release|Any CPU
		{8A826D6B-B9F7-42E4-9B01-F4909884E8FF}.Debug|Any CPU.ActiveCfg = Debug|Any CPU
		{8A826D6B-B9F7-42E4-9B01-F4909884E8FF}.Debug|Any CPU.Build.0 = Debug|Any CPU
		{8A826D6B-B9F7-42E4-9B01-F4909884E8FF}.Debug|x86.ActiveCfg = Debug|Any CPU
		{8A826D6B-B9F7-42E4-9B01-F4909884E8FF}.Debug|x86.Build.0 = Debug|Any CPU
		{8A826D6B-B9F7-42E4-9B01-F4909884E8FF}.Release|Any CPU.ActiveCfg = Release|Any CPU
		{8A826D6B-B9F7-42E4-9B01-F4909884E8FF}.Release|Any CPU.Build.0 = Release|Any CPU
		{8A826D6B-B9F7-42E4-9B01-F4909884E8FF}.Release|x86.ActiveCfg = Release|Any CPU
		{8A826D6B-B9F7-42E4-9B01-F4909884E8FF}.Release|x86.Build.0 = Release|Any CPU
		{3F25F024-015E-40A7-B5ED-4EFBD88E9DCD}.Debug|Any CPU.ActiveCfg = Debug|Any CPU
		{3F25F024-015E-40A7-B5ED-4EFBD88E9DCD}.Debug|Any CPU.Build.0 = Debug|Any CPU
		{3F25F024-015E-40A7-B5ED-4EFBD88E9DCD}.Debug|x86.ActiveCfg = Debug|Any CPU
		{3F25F024-015E-40A7-B5ED-4EFBD88E9DCD}.Debug|x86.Build.0 = Debug|Any CPU
		{3F25F024-015E-40A7-B5ED-4EFBD88E9DCD}.Release|Any CPU.ActiveCfg = Release|Any CPU
		{3F25F024-015E-40A7-B5ED-4EFBD88E9DCD}.Release|Any CPU.Build.0 = Release|Any CPU
		{3F25F024-015E-40A7-B5ED-4EFBD88E9DCD}.Release|x86.ActiveCfg = Release|Any CPU
		{3F25F024-015E-40A7-B5ED-4EFBD88E9DCD}.Release|x86.Build.0 = Release|Any CPU
		{3891AE0C-1A45-471F-9414-F02F6A7C5966}.Debug|Any CPU.ActiveCfg = Debug|Any CPU
		{3891AE0C-1A45-471F-9414-F02F6A7C5966}.Debug|Any CPU.Build.0 = Debug|Any CPU
		{3891AE0C-1A45-471F-9414-F02F6A7C5966}.Debug|x86.ActiveCfg = Debug|Any CPU
		{3891AE0C-1A45-471F-9414-F02F6A7C5966}.Debug|x86.Build.0 = Debug|Any CPU
		{3891AE0C-1A45-471F-9414-F02F6A7C5966}.Release|Any CPU.ActiveCfg = Release|Any CPU
		{3891AE0C-1A45-471F-9414-F02F6A7C5966}.Release|Any CPU.Build.0 = Release|Any CPU
		{3891AE0C-1A45-471F-9414-F02F6A7C5966}.Release|x86.ActiveCfg = Release|Any CPU
		{3891AE0C-1A45-471F-9414-F02F6A7C5966}.Release|x86.Build.0 = Release|Any CPU
		{E1E168EF-5ABC-4CD6-9FAB-46F144325740}.Debug|Any CPU.ActiveCfg = Debug|Any CPU
		{E1E168EF-5ABC-4CD6-9FAB-46F144325740}.Debug|Any CPU.Build.0 = Debug|Any CPU
		{E1E168EF-5ABC-4CD6-9FAB-46F144325740}.Debug|x86.ActiveCfg = Debug|Any CPU
		{E1E168EF-5ABC-4CD6-9FAB-46F144325740}.Debug|x86.Build.0 = Debug|Any CPU
		{E1E168EF-5ABC-4CD6-9FAB-46F144325740}.Release|Any CPU.ActiveCfg = Release|Any CPU
		{E1E168EF-5ABC-4CD6-9FAB-46F144325740}.Release|Any CPU.Build.0 = Release|Any CPU
		{E1E168EF-5ABC-4CD6-9FAB-46F144325740}.Release|x86.ActiveCfg = Release|Any CPU
		{E1E168EF-5ABC-4CD6-9FAB-46F144325740}.Release|x86.Build.0 = Release|Any CPU
		{DE525FDA-BF3D-49A1-9DA6-2171D12DDFC1}.Debug|Any CPU.ActiveCfg = Debug|Any CPU
		{DE525FDA-BF3D-49A1-9DA6-2171D12DDFC1}.Debug|Any CPU.Build.0 = Debug|Any CPU
		{DE525FDA-BF3D-49A1-9DA6-2171D12DDFC1}.Debug|x86.ActiveCfg = Debug|Any CPU
		{DE525FDA-BF3D-49A1-9DA6-2171D12DDFC1}.Debug|x86.Build.0 = Debug|Any CPU
		{DE525FDA-BF3D-49A1-9DA6-2171D12DDFC1}.Release|Any CPU.ActiveCfg = Release|Any CPU
		{DE525FDA-BF3D-49A1-9DA6-2171D12DDFC1}.Release|Any CPU.Build.0 = Release|Any CPU
		{DE525FDA-BF3D-49A1-9DA6-2171D12DDFC1}.Release|x86.ActiveCfg = Release|Any CPU
		{DE525FDA-BF3D-49A1-9DA6-2171D12DDFC1}.Release|x86.Build.0 = Release|Any CPU
		{AAD9FC51-CB1D-48B3-A6BD-0A19F1F1F692}.Debug|Any CPU.ActiveCfg = Debug|Any CPU
		{AAD9FC51-CB1D-48B3-A6BD-0A19F1F1F692}.Debug|Any CPU.Build.0 = Debug|Any CPU
		{AAD9FC51-CB1D-48B3-A6BD-0A19F1F1F692}.Debug|x86.ActiveCfg = Debug|Any CPU
		{AAD9FC51-CB1D-48B3-A6BD-0A19F1F1F692}.Debug|x86.Build.0 = Debug|Any CPU
		{AAD9FC51-CB1D-48B3-A6BD-0A19F1F1F692}.Release|Any CPU.ActiveCfg = Release|Any CPU
		{AAD9FC51-CB1D-48B3-A6BD-0A19F1F1F692}.Release|Any CPU.Build.0 = Release|Any CPU
		{AAD9FC51-CB1D-48B3-A6BD-0A19F1F1F692}.Release|x86.ActiveCfg = Release|Any CPU
		{AAD9FC51-CB1D-48B3-A6BD-0A19F1F1F692}.Release|x86.Build.0 = Release|Any CPU
		{D3D273B9-1D2D-4BA4-84EF-6664FE216D3E}.Debug|Any CPU.ActiveCfg = Debug|Any CPU
		{D3D273B9-1D2D-4BA4-84EF-6664FE216D3E}.Debug|Any CPU.Build.0 = Debug|Any CPU
		{D3D273B9-1D2D-4BA4-84EF-6664FE216D3E}.Debug|x86.ActiveCfg = Debug|Any CPU
		{D3D273B9-1D2D-4BA4-84EF-6664FE216D3E}.Debug|x86.Build.0 = Debug|Any CPU
		{D3D273B9-1D2D-4BA4-84EF-6664FE216D3E}.Release|Any CPU.ActiveCfg = Release|Any CPU
		{D3D273B9-1D2D-4BA4-84EF-6664FE216D3E}.Release|Any CPU.Build.0 = Release|Any CPU
		{D3D273B9-1D2D-4BA4-84EF-6664FE216D3E}.Release|x86.ActiveCfg = Release|Any CPU
		{D3D273B9-1D2D-4BA4-84EF-6664FE216D3E}.Release|x86.Build.0 = Release|Any CPU
		{5E994A8D-087B-4005-8742-5D7D5DA83A37}.Debug|Any CPU.ActiveCfg = Debug|Any CPU
		{5E994A8D-087B-4005-8742-5D7D5DA83A37}.Debug|Any CPU.Build.0 = Debug|Any CPU
		{5E994A8D-087B-4005-8742-5D7D5DA83A37}.Debug|x86.ActiveCfg = Debug|Any CPU
		{5E994A8D-087B-4005-8742-5D7D5DA83A37}.Debug|x86.Build.0 = Debug|Any CPU
		{5E994A8D-087B-4005-8742-5D7D5DA83A37}.Release|Any CPU.ActiveCfg = Release|Any CPU
		{5E994A8D-087B-4005-8742-5D7D5DA83A37}.Release|Any CPU.Build.0 = Release|Any CPU
		{5E994A8D-087B-4005-8742-5D7D5DA83A37}.Release|x86.ActiveCfg = Release|Any CPU
		{5E994A8D-087B-4005-8742-5D7D5DA83A37}.Release|x86.Build.0 = Release|Any CPU
	EndGlobalSection
	GlobalSection(SolutionProperties) = preSolution
		HideSolutionNode = FALSE
	EndGlobalSection
	GlobalSection(ExtensibilityGlobals) = postSolution
		SolutionGuid = {26ED972C-D698-468F-A5FB-3F84AD2D3A25}
	EndGlobalSection
EndGlobal
